# THIS IS AN AUTOGENERATED FILE. DO NOT EDIT THIS FILE DIRECTLY.
# yarn lockfile v1


argparse@^1.0.10:
  version "1.0.10"
  resolved "https://registry.yarnpkg.com/argparse/-/argparse-1.0.10.tgz#bcd6791ea5ae09725e17e5ad988134cd40b3d911"
  dependencies:
    sprintf-js "~1.0.2"

get-stdin@^6.0.0:
  version "6.0.0"
  resolved "https://registry.yarnpkg.com/get-stdin/-/get-stdin-6.0.0.tgz#9e09bf712b360ab9225e812048f71fde9c89657b"

parse-diff@^0.4.2:
  version "0.4.2"
  resolved "https://registry.yarnpkg.com/parse-diff/-/parse-diff-0.4.2.tgz#b173390e916564e8c70ccd37756047941e5b3ef2"

sprintf-js@~1.0.2:
  version "1.0.3"
  resolved "https://registry.yarnpkg.com/sprintf-js/-/sprintf-js-1.0.3.tgz#04e6926f662895354f3dd015203633b857297e2c"
